
Microsoft Visual Studio Solution File, Format Version 12.00
Project("{FAE04EC0-301F-11D3-BF4B-00C04F79EFBC}") = "BLAdminTools", "BLAdminTools\BLAdminTools.csproj", "{1B65B316-2BC7-4D3E-842B-B63B5D8915A7}"
EndProject
Global
	GlobalSection(SolutionConfigurationPlatforms) = preSolution
		Debug|Any CPU = Debug|Any CPU
		Release|Any CPU = Release|Any CPU
	EndGlobalSection
	GlobalSection(ProjectConfigurationPlatforms) = postSolution
		{1B65B316-2BC7-4D3E-842B-B63B5D8915A7}.Release|Any CPU.ActiveCfg = Release|Any CPU
		{1B65B316-2BC7-4D3E-842B-B63B5D8915A7}.Release|Any CPU.Build.0 = Release|Any CPU
		{1B65B316-2BC7-4D3E-842B-B63B5D8915A7}.Debug|Any CPU.ActiveCfg = Release|Any CPU
		{1B65B316-2BC7-4D3E-842B-B63B5D8915A7}.Debug|Any CPU.Build.0 = Release|Any CPU
	EndGlobalSection
EndGlobal
